# THIS IS AN AUTOGENERATED FILE. DO NOT EDIT THIS FILE DIRECTLY.
# yarn lockfile v1


"@daykeep/calendar-core@file:../daykeep-calendar-core":
  version "1.0.0-beta.4"
  dependencies:
    lodash.has "^4.5.2"
    luxon "^1.17.2"

"@daykeep/calendar-quasar@file:../daykeep-calendar-quasar":
  version "1.0.0-beta.2"
  dependencies:
    "@daykeep/calendar-core" "file:../../../../../../home/benjamch/.cache/yarn/v4/npm-@daykeep-calendar-quasar-1.0.0-beta.2-9971e87d-c177-4f0c-bcea-c70c89a95d92-1564570401986/node_modules/@daykeep/daykeep-calendar-core"
    lodash.has "^4.5.2"
    luxon "^1.17.2"

lodash.has@^4.5.2:
  version "4.5.2"
  resolved "https://registry.yarnpkg.com/lodash.has/-/lodash.has-4.5.2.tgz#d19f4dc1095058cccbe2b0cdf4ee0fe4aa37c862"
  integrity sha1-0Z9NwQlQWMzL4rDN9O4P5Ko3yGI=

luxon@^1.17.2:
  version "1.17.2"
  resolved "https://registry.yarnpkg.com/luxon/-/luxon-1.17.2.tgz#95189c450341cfddf5f826ef8c32b5b022943fd5"
  integrity sha512-qELKtIj3HD41N+MvgoxArk8DZGUb4Gpiijs91oi+ZmKJzRlxY6CoyTwNoUwnogCVs4p8HuxVJDik9JbnYgrCng==
